
Microsoft Visual Studio Solution File, Format Version 12.00
# Visual Studio Version 16
VisualStudioVersion = 16.0.30204.135
MinimumVisualStudioVersion = 10.0.40219.1
Project("{FAE04EC0-301F-11D3-BF4B-00C04F79EFBC}") = "Practical1", "Practical1\Practical1.csproj", "{6FA90EDE-46CB-4190-B2D0-4BC1CB6051D8}"
EndProject
Global
	GlobalSection(SolutionConfigurationPlatforms) = preSolution
		Debug|Any CPU = Debug|Any CPU
		Release|Any CPU = Release|Any CPU
	EndGlobalSection
	GlobalSection(ProjectConfigurationPlatforms) = postSolution
		{6FA90EDE-46CB-4190-B2D0-4BC1CB6051D8}.Debug|Any CPU.ActiveCfg = Debug|Any CPU
		{6FA90EDE-46CB-4190-B2D0-4BC1CB6051D8}.Debug|Any CPU.Build.0 = Debug|Any CPU
		{6FA90EDE-46CB-4190-B2D0-4BC1CB6051D8}.Release|Any CPU.ActiveCfg = Release|Any CPU
		{6FA90EDE-46CB-4190-B2D0-4BC1CB6051D8}.Release|Any CPU.Build.0 = Release|Any CPU
	EndGlobalSection
	GlobalSection(SolutionProperties) = preSolution
		HideSolutionNode = FALSE
	EndGlobalSection
	GlobalSection(ExtensibilityGlobals) = postSolution
		SolutionGuid = {6E11697A-86CB-4C4D-AE0E-AFE6B6B7F67D}
	EndGlobalSection
EndGlobal
